
Microsoft Visual Studio Solution File, Format Version 12.00
# Visual Studio Version 16
VisualStudioVersion = 16.0.31313.79
MinimumVisualStudioVersion = 10.0.40219.1
Project("{9A19103F-16F7-4668-BE54-9A1E7A4F7556}") = "AspNetCoreMVC", "AspNetCoreMVC\AspNetCoreMVC.csproj", "{FB2584D4-1D7C-4585-8836-A9ED6DFC66AF}"
EndProject
Project("{FAE04EC0-301F-11D3-BF4B-00C04F79EFBC}") = "AspNetCoreReact", "AspNetCoreReact\AspNetCoreReact.csproj", "{DEC436FE-64DA-430E-81D7-E1FF3087E6B8}"
EndProject
Global
	GlobalSection(SolutionConfigurationPlatforms) = preSolution
		Debug|Any CPU = Debug|Any CPU
		Release|Any CPU = Release|Any CPU
	EndGlobalSection
	GlobalSection(ProjectConfigurationPlatforms) = postSolution
		{FB2584D4-1D7C-4585-8836-A9ED6DFC66AF}.Debug|Any CPU.ActiveCfg = Debug|Any CPU
		{FB2584D4-1D7C-4585-8836-A9ED6DFC66AF}.Debug|Any CPU.Build.0 = Debug|Any CPU
		{FB2584D4-1D7C-4585-8836-A9ED6DFC66AF}.Release|Any CPU.ActiveCfg = Release|Any CPU
		{FB2584D4-1D7C-4585-8836-A9ED6DFC66AF}.Release|Any CPU.Build.0 = Release|Any CPU
		{DEC436FE-64DA-430E-81D7-E1FF3087E6B8}.Debug|Any CPU.ActiveCfg = Debug|Any CPU
		{DEC436FE-64DA-430E-81D7-E1FF3087E6B8}.Debug|Any CPU.Build.0 = Debug|Any CPU
		{DEC436FE-64DA-430E-81D7-E1FF3087E6B8}.Release|Any CPU.ActiveCfg = Release|Any CPU
		{DEC436FE-64DA-430E-81D7-E1FF3087E6B8}.Release|Any CPU.Build.0 = Release|Any CPU
	EndGlobalSection
	GlobalSection(SolutionProperties) = preSolution
		HideSolutionNode = FALSE
	EndGlobalSection
	GlobalSection(ExtensibilityGlobals) = postSolution
		SolutionGuid = {72129762-965C-4BB6-97EA-EBAF8F47FAD6}
	EndGlobalSection
EndGlobal
